
Microsoft Visual Studio Solution File, Format Version 12.00
# Visual Studio 2015
Project("{FAE04EC0-301F-11D3-BF4B-00C04F79EFBC}") = "GitHub.CSharp", "GitHub.CSharp.csproj", "{B7630AF8-CAEB-5E7A-8D31-6DC8F60B427C}"
EndProject
Project("{FAE04EC0-301F-11D3-BF4B-00C04F79EFBC}") = "GitHub.CSharp.Editor", "GitHub.CSharp.Editor.csproj", "{54014F24-41E1-57E3-3515-1DF9C0B9DA9D}"
EndProject
Project("{FAE04EC0-301F-11D3-BF4B-00C04F79EFBC}") = "GitHub.CSharpTests2", "GitHub.CSharpTests2\GitHub.CSharpTests2.csproj", "{985174B1-E2E1-4EB0-B65D-2800592366AE}"
EndProject
Global
	GlobalSection(SolutionConfigurationPlatforms) = preSolution
		Debug|Any CPU = Debug|Any CPU
		Release|Any CPU = Release|Any CPU
	EndGlobalSection
	GlobalSection(ProjectConfigurationPlatforms) = postSolution
		{B7630AF8-CAEB-5E7A-8D31-6DC8F60B427C}.Debug|Any CPU.ActiveCfg = Debug|Any CPU
		{B7630AF8-CAEB-5E7A-8D31-6DC8F60B427C}.Debug|Any CPU.Build.0 = Debug|Any CPU
		{B7630AF8-CAEB-5E7A-8D31-6DC8F60B427C}.Release|Any CPU.ActiveCfg = Release|Any CPU
		{B7630AF8-CAEB-5E7A-8D31-6DC8F60B427C}.Release|Any CPU.Build.0 = Release|Any CPU
		{54014F24-41E1-57E3-3515-1DF9C0B9DA9D}.Debug|Any CPU.ActiveCfg = Debug|Any CPU
		{54014F24-41E1-57E3-3515-1DF9C0B9DA9D}.Debug|Any CPU.Build.0 = Debug|Any CPU
		{54014F24-41E1-57E3-3515-1DF9C0B9DA9D}.Release|Any CPU.ActiveCfg = Release|Any CPU
		{54014F24-41E1-57E3-3515-1DF9C0B9DA9D}.Release|Any CPU.Build.0 = Release|Any CPU
		{985174B1-E2E1-4EB0-B65D-2800592366AE}.Debug|Any CPU.ActiveCfg = Debug|Any CPU
		{985174B1-E2E1-4EB0-B65D-2800592366AE}.Debug|Any CPU.Build.0 = Debug|Any CPU
		{985174B1-E2E1-4EB0-B65D-2800592366AE}.Release|Any CPU.ActiveCfg = Release|Any CPU
		{985174B1-E2E1-4EB0-B65D-2800592366AE}.Release|Any CPU.Build.0 = Release|Any CPU
	EndGlobalSection
	GlobalSection(SolutionProperties) = preSolution
		HideSolutionNode = FALSE
	EndGlobalSection
EndGlobal
