Microsoft Visual Studio Solution File, Format Version 11.00
# Visual Studio 2008

Project("{D3B7C913-CD04-EBFE-C0E9-EC32CB6FD58C}") = "GitHub", "Assembly-CSharp-firstpass.csproj", "{D901A7EE-49A9-92BA-B0D4-58D2FD550C90}"
EndProject
Project("{D3B7C913-CD04-EBFE-C0E9-EC32CB6FD58C}") = "GitHub", "Assembly-CSharp.csproj", "{CAEC3BBE-3D47-485C-7771-F0AE24B05E87}"
EndProject
Project("{D3B7C913-CD04-EBFE-C0E9-EC32CB6FD58C}") = "GitHub", "Assembly-CSharp-Editor.csproj", "{FFCF73CA-007C-238B-ABA4-DB8D93E426D9}"
EndProject
Project("{D3B7C913-CD04-EBFE-C0E9-EC32CB6FD58C}") = "GitHub", "Assembly-UnityScript-firstpass.unityproj", "{C89A6093-6570-9401-9D4F-28D3EFB8E75B}"
EndProject
Project("{D3B7C913-CD04-EBFE-C0E9-EC32CB6FD58C}") = "GitHub", "Assembly-UnityScript.unityproj", "{118E2FBA-1432-F839-A12E-03E6F7D56761}"
EndProject
Global
	GlobalSection(SolutionConfigurationPlatforms) = preSolution
		Debug|Any CPU = Debug|Any CPU
		Release|Any CPU = Release|Any CPU
	EndGlobalSection
	GlobalSection(ProjectConfigurationPlatforms) = postSolution
		{D901A7EE-49A9-92BA-B0D4-58D2FD550C90}.Debug|Any CPU.ActiveCfg = Debug|Any CPU
		{D901A7EE-49A9-92BA-B0D4-58D2FD550C90}.Debug|Any CPU.Build.0 = Debug|Any CPU
		{D901A7EE-49A9-92BA-B0D4-58D2FD550C90}.Release|Any CPU.ActiveCfg = Release|Any CPU
		{D901A7EE-49A9-92BA-B0D4-58D2FD550C90}.Release|Any CPU.Build.0 = Release|Any CPU
		{CAEC3BBE-3D47-485C-7771-F0AE24B05E87}.Debug|Any CPU.ActiveCfg = Debug|Any CPU
		{CAEC3BBE-3D47-485C-7771-F0AE24B05E87}.Debug|Any CPU.Build.0 = Debug|Any CPU
		{CAEC3BBE-3D47-485C-7771-F0AE24B05E87}.Release|Any CPU.ActiveCfg = Release|Any CPU
		{CAEC3BBE-3D47-485C-7771-F0AE24B05E87}.Release|Any CPU.Build.0 = Release|Any CPU
		{FFCF73CA-007C-238B-ABA4-DB8D93E426D9}.Debug|Any CPU.ActiveCfg = Debug|Any CPU
		{FFCF73CA-007C-238B-ABA4-DB8D93E426D9}.Debug|Any CPU.Build.0 = Debug|Any CPU
		{FFCF73CA-007C-238B-ABA4-DB8D93E426D9}.Release|Any CPU.ActiveCfg = Release|Any CPU
		{FFCF73CA-007C-238B-ABA4-DB8D93E426D9}.Release|Any CPU.Build.0 = Release|Any CPU
		{C89A6093-6570-9401-9D4F-28D3EFB8E75B}.Debug|Any CPU.ActiveCfg = Debug|Any CPU
		{C89A6093-6570-9401-9D4F-28D3EFB8E75B}.Debug|Any CPU.Build.0 = Debug|Any CPU
		{C89A6093-6570-9401-9D4F-28D3EFB8E75B}.Release|Any CPU.ActiveCfg = Release|Any CPU
		{C89A6093-6570-9401-9D4F-28D3EFB8E75B}.Release|Any CPU.Build.0 = Release|Any CPU
		{118E2FBA-1432-F839-A12E-03E6F7D56761}.Debug|Any CPU.ActiveCfg = Debug|Any CPU
		{118E2FBA-1432-F839-A12E-03E6F7D56761}.Debug|Any CPU.Build.0 = Debug|Any CPU
		{118E2FBA-1432-F839-A12E-03E6F7D56761}.Release|Any CPU.ActiveCfg = Release|Any CPU
		{118E2FBA-1432-F839-A12E-03E6F7D56761}.Release|Any CPU.Build.0 = Release|Any CPU
	EndGlobalSection
	GlobalSection(SolutionProperties) = preSolution
		HideSolutionNode = FALSE
	EndGlobalSection
	GlobalSection(MonoDevelopProperties) = preSolution
		StartupItem = Assembly-CSharp.csproj
	EndGlobalSection
EndGlobal
