
Microsoft Visual Studio Solution File, Format Version 12.00
# Visual Studio 2015
Project("{FAE04EC0-301F-11D3-BF4B-00C04F79EFBC}") = "REAL IBEACON PROJECT.CSharp", "REAL IBEACON PROJECT.CSharp.csproj", "{98D565DA-E5E0-9440-F100-524DD4587FC0}"
EndProject
Project("{FAE04EC0-301F-11D3-BF4B-00C04F79EFBC}") = "REAL IBEACON PROJECT.CSharp.Editor", "REAL IBEACON PROJECT.CSharp.Editor.csproj", "{CCAE1FDC-307E-6684-B9BC-A949B01FA728}"
EndProject
Global
	GlobalSection(SolutionConfigurationPlatforms) = preSolution
		Debug|Any CPU = Debug|Any CPU
		Release|Any CPU = Release|Any CPU
	EndGlobalSection
	GlobalSection(ProjectConfigurationPlatforms) = postSolution
		{98D565DA-E5E0-9440-F100-524DD4587FC0}.Debug|Any CPU.ActiveCfg = Debug|Any CPU
		{98D565DA-E5E0-9440-F100-524DD4587FC0}.Debug|Any CPU.Build.0 = Debug|Any CPU
		{98D565DA-E5E0-9440-F100-524DD4587FC0}.Release|Any CPU.ActiveCfg = Release|Any CPU
		{98D565DA-E5E0-9440-F100-524DD4587FC0}.Release|Any CPU.Build.0 = Release|Any CPU
		{CCAE1FDC-307E-6684-B9BC-A949B01FA728}.Debug|Any CPU.ActiveCfg = Debug|Any CPU
		{CCAE1FDC-307E-6684-B9BC-A949B01FA728}.Debug|Any CPU.Build.0 = Debug|Any CPU
		{CCAE1FDC-307E-6684-B9BC-A949B01FA728}.Release|Any CPU.ActiveCfg = Release|Any CPU
		{CCAE1FDC-307E-6684-B9BC-A949B01FA728}.Release|Any CPU.Build.0 = Release|Any CPU
	EndGlobalSection
	GlobalSection(SolutionProperties) = preSolution
		HideSolutionNode = FALSE
	EndGlobalSection
EndGlobal
